
Microsoft Visual Studio Solution File, Format Version 12.00
# Visual Studio Version 16
VisualStudioVersion = 16.0.32901.82
MinimumVisualStudioVersion = 10.0.40219.1
Project("{FAE04EC0-301F-11D3-BF4B-00C04F79EFBC}") = "combat-kata", "combat-kata.csproj", "{DB1835E8-8E6F-48BD-ACD9-02F460A529A1}"
EndProject
Project("{FAE04EC0-301F-11D3-BF4B-00C04F79EFBC}") = "TestProjectCombatKata", "..\TestProjectCombatKata\TestProjectCombatKata.csproj", "{2376BFB8-5CA6-42B3-9F22-B706E1BB669C}"
	ProjectSection(ProjectDependencies) = postProject
		{DB1835E8-8E6F-48BD-ACD9-02F460A529A1} = {DB1835E8-8E6F-48BD-ACD9-02F460A529A1}
	EndProjectSection
EndProject
Global
	GlobalSection(SolutionConfigurationPlatforms) = preSolution
		Debug|Any CPU = Debug|Any CPU
		Release|Any CPU = Release|Any CPU
	EndGlobalSection
	GlobalSection(ProjectConfigurationPlatforms) = postSolution
		{DB1835E8-8E6F-48BD-ACD9-02F460A529A1}.Debug|Any CPU.ActiveCfg = Debug|Any CPU
		{DB1835E8-8E6F-48BD-ACD9-02F460A529A1}.Debug|Any CPU.Build.0 = Debug|Any CPU
		{DB1835E8-8E6F-48BD-ACD9-02F460A529A1}.Release|Any CPU.ActiveCfg = Release|Any CPU
		{DB1835E8-8E6F-48BD-ACD9-02F460A529A1}.Release|Any CPU.Build.0 = Release|Any CPU
		{2376BFB8-5CA6-42B3-9F22-B706E1BB669C}.Debug|Any CPU.ActiveCfg = Debug|Any CPU
		{2376BFB8-5CA6-42B3-9F22-B706E1BB669C}.Debug|Any CPU.Build.0 = Debug|Any CPU
		{2376BFB8-5CA6-42B3-9F22-B706E1BB669C}.Release|Any CPU.ActiveCfg = Release|Any CPU
		{2376BFB8-5CA6-42B3-9F22-B706E1BB669C}.Release|Any CPU.Build.0 = Release|Any CPU
	EndGlobalSection
	GlobalSection(SolutionProperties) = preSolution
		HideSolutionNode = FALSE
	EndGlobalSection
	GlobalSection(ExtensibilityGlobals) = postSolution
		SolutionGuid = {78BECF50-B1FB-4229-97B1-B5C5FC2B78D9}
	EndGlobalSection
EndGlobal
